
Microsoft Visual Studio Solution File, Format Version 12.00
Project("{FAE04EC0-301F-11D3-BF4B-00C04F79EFBC}") = "QueryParam", "QueryParam.csproj", "{41819BA6-2CE5-438B-B4B9-BEA912929399}"
EndProject
Global
	GlobalSection(SolutionConfigurationPlatforms) = preSolution
		Debug|Any CPU = Debug|Any CPU
		Release|Any CPU = Release|Any CPU
	EndGlobalSection
	GlobalSection(ProjectConfigurationPlatforms) = postSolution
		{41819BA6-2CE5-438B-B4B9-BEA912929399}.Debug|Any CPU.ActiveCfg = Debug|Any CPU
		{41819BA6-2CE5-438B-B4B9-BEA912929399}.Debug|Any CPU.Build.0 = Debug|Any CPU
		{41819BA6-2CE5-438B-B4B9-BEA912929399}.Release|Any CPU.ActiveCfg = Release|Any CPU
		{41819BA6-2CE5-438B-B4B9-BEA912929399}.Release|Any CPU.Build.0 = Release|Any CPU
	EndGlobalSection
EndGlobal
